
Microsoft Visual Studio Solution File, Format Version 12.00
# Visual Studio 14
VisualStudioVersion = 14.0.25420.1
MinimumVisualStudioVersion = 10.0.40219.1
Project("{FAE04EC0-301F-11D3-BF4B-00C04F79EFBC}") = "Photos.Android", "Photos\Photos.Android\Photos.Android.csproj", "{9F14495A-D753-4D00-BC62-B3F1C4C20EB3}"
EndProject
Project("{FAE04EC0-301F-11D3-BF4B-00C04F79EFBC}") = "Photos", "Photos\Photos\Photos.csproj", "{34FF3140-42E8-4F93-B8B9-DC35E5F3678F}"
EndProject
Project("{FAE04EC0-301F-11D3-BF4B-00C04F79EFBC}") = "Photos.iOS", "Photos\Photos.iOS\Photos.iOS.csproj", "{FEC5C870-462B-421B-AB74-16C76CFE5A6B}"
EndProject
Global
	GlobalSection(SolutionConfigurationPlatforms) = preSolution
		Ad-Hoc|Any CPU = Ad-Hoc|Any CPU
		Ad-Hoc|iPhone = Ad-Hoc|iPhone
		Ad-Hoc|iPhoneSimulator = Ad-Hoc|iPhoneSimulator
		AppStore|Any CPU = AppStore|Any CPU
		AppStore|iPhone = AppStore|iPhone
		AppStore|iPhoneSimulator = AppStore|iPhoneSimulator
		Debug|Any CPU = Debug|Any CPU
		Debug|iPhone = Debug|iPhone
		Debug|iPhoneSimulator = Debug|iPhoneSimulator
		Release|Any CPU = Release|Any CPU
		Release|iPhone = Release|iPhone
		Release|iPhoneSimulator = Release|iPhoneSimulator
	EndGlobalSection
	GlobalSection(ProjectConfigurationPlatforms) = postSolution
		{9F14495A-D753-4D00-BC62-B3F1C4C20EB3}.Ad-Hoc|Any CPU.ActiveCfg = Release|Any CPU
		{9F14495A-D753-4D00-BC62-B3F1C4C20EB3}.Ad-Hoc|Any CPU.Build.0 = Release|Any CPU
		{9F14495A-D753-4D00-BC62-B3F1C4C20EB3}.Ad-Hoc|Any CPU.Deploy.0 = Release|Any CPU
		{9F14495A-D753-4D00-BC62-B3F1C4C20EB3}.Ad-Hoc|iPhone.ActiveCfg = Release|Any CPU
		{9F14495A-D753-4D00-BC62-B3F1C4C20EB3}.Ad-Hoc|iPhone.Build.0 = Release|Any CPU
		{9F14495A-D753-4D00-BC62-B3F1C4C20EB3}.Ad-Hoc|iPhone.Deploy.0 = Release|Any CPU
		{9F14495A-D753-4D00-BC62-B3F1C4C20EB3}.Ad-Hoc|iPhoneSimulator.ActiveCfg = Release|Any CPU
		{9F14495A-D753-4D00-BC62-B3F1C4C20EB3}.Ad-Hoc|iPhoneSimulator.Build.0 = Release|Any CPU
		{9F14495A-D753-4D00-BC62-B3F1C4C20EB3}.Ad-Hoc|iPhoneSimulator.Deploy.0 = Release|Any CPU
		{9F14495A-D753-4D00-BC62-B3F1C4C20EB3}.AppStore|Any CPU.ActiveCfg = Release|Any CPU
		{9F14495A-D753-4D00-BC62-B3F1C4C20EB3}.AppStore|Any CPU.Build.0 = Release|Any CPU
		{9F14495A-D753-4D00-BC62-B3F1C4C20EB3}.AppStore|Any CPU.Deploy.0 = Release|Any CPU
		{9F14495A-D753-4D00-BC62-B3F1C4C20EB3}.AppStore|iPhone.ActiveCfg = Release|Any CPU
		{9F14495A-D753-4D00-BC62-B3F1C4C20EB3}.AppStore|iPhone.Build.0 = Release|Any CPU
		{9F14495A-D753-4D00-BC62-B3F1C4C20EB3}.AppStore|iPhone.Deploy.0 = Release|Any CPU
		{9F14495A-D753-4D00-BC62-B3F1C4C20EB3}.AppStore|iPhoneSimulator.ActiveCfg = Release|Any CPU
		{9F14495A-D753-4D00-BC62-B3F1C4C20EB3}.AppStore|iPhoneSimulator.Build.0 = Release|Any CPU
		{9F14495A-D753-4D00-BC62-B3F1C4C20EB3}.AppStore|iPhoneSimulator.Deploy.0 = Release|Any CPU
		{9F14495A-D753-4D00-BC62-B3F1C4C20EB3}.Debug|Any CPU.ActiveCfg = Debug|Any CPU
		{9F14495A-D753-4D00-BC62-B3F1C4C20EB3}.Debug|Any CPU.Build.0 = Debug|Any CPU
		{9F14495A-D753-4D00-BC62-B3F1C4C20EB3}.Debug|Any CPU.Deploy.0 = Debug|Any CPU
		{9F14495A-D753-4D00-BC62-B3F1C4C20EB3}.Debug|iPhone.ActiveCfg = Debug|Any CPU
		{9F14495A-D753-4D00-BC62-B3F1C4C20EB3}.Debug|iPhone.Build.0 = Debug|Any CPU
		{9F14495A-D753-4D00-BC62-B3F1C4C20EB3}.Debug|iPhone.Deploy.0 = Debug|Any CPU
		{9F14495A-D753-4D00-BC62-B3F1C4C20EB3}.Debug|iPhoneSimulator.ActiveCfg = Debug|Any CPU
		{9F14495A-D753-4D00-BC62-B3F1C4C20EB3}.Debug|iPhoneSimulator.Build.0 = Debug|Any CPU
		{9F14495A-D753-4D00-BC62-B3F1C4C20EB3}.Debug|iPhoneSimulator.Deploy.0 = Debug|Any CPU
		{9F14495A-D753-4D00-BC62-B3F1C4C20EB3}.Release|Any CPU.ActiveCfg = Release|Any CPU
		{9F14495A-D753-4D00-BC62-B3F1C4C20EB3}.Release|Any CPU.Build.0 = Release|Any CPU
		{9F14495A-D753-4D00-BC62-B3F1C4C20EB3}.Release|Any CPU.Deploy.0 = Release|Any CPU
		{9F14495A-D753-4D00-BC62-B3F1C4C20EB3}.Release|iPhone.ActiveCfg = Release|Any CPU
		{9F14495A-D753-4D00-BC62-B3F1C4C20EB3}.Release|iPhone.Build.0 = Release|Any CPU
		{9F14495A-D753-4D00-BC62-B3F1C4C20EB3}.Release|iPhone.Deploy.0 = Release|Any CPU
		{9F14495A-D753-4D00-BC62-B3F1C4C20EB3}.Release|iPhoneSimulator.ActiveCfg = Release|Any CPU
		{9F14495A-D753-4D00-BC62-B3F1C4C20EB3}.Release|iPhoneSimulator.Build.0 = Release|Any CPU
		{9F14495A-D753-4D00-BC62-B3F1C4C20EB3}.Release|iPhoneSimulator.Deploy.0 = Release|Any CPU
		{34FF3140-42E8-4F93-B8B9-DC35E5F3678F}.Ad-Hoc|Any CPU.ActiveCfg = Release|Any CPU
		{34FF3140-42E8-4F93-B8B9-DC35E5F3678F}.Ad-Hoc|Any CPU.Build.0 = Release|Any CPU
		{34FF3140-42E8-4F93-B8B9-DC35E5F3678F}.Ad-Hoc|Any CPU.Deploy.0 = Release|Any CPU
		{34FF3140-42E8-4F93-B8B9-DC35E5F3678F}.Ad-Hoc|iPhone.ActiveCfg = Release|Any CPU
		{34FF3140-42E8-4F93-B8B9-DC35E5F3678F}.Ad-Hoc|iPhone.Build.0 = Release|Any CPU
		{34FF3140-42E8-4F93-B8B9-DC35E5F3678F}.Ad-Hoc|iPhone.Deploy.0 = Release|Any CPU
		{34FF3140-42E8-4F93-B8B9-DC35E5F3678F}.Ad-Hoc|iPhoneSimulator.ActiveCfg = Release|Any CPU
		{34FF3140-42E8-4F93-B8B9-DC35E5F3678F}.Ad-Hoc|iPhoneSimulator.Build.0 = Release|Any CPU
		{34FF3140-42E8-4F93-B8B9-DC35E5F3678F}.Ad-Hoc|iPhoneSimulator.Deploy.0 = Release|Any CPU
		{34FF3140-42E8-4F93-B8B9-DC35E5F3678F}.AppStore|Any CPU.ActiveCfg = Release|Any CPU
		{34FF3140-42E8-4F93-B8B9-DC35E5F3678F}.AppStore|Any CPU.Build.0 = Release|Any CPU
		{34FF3140-42E8-4F93-B8B9-DC35E5F3678F}.AppStore|Any CPU.Deploy.0 = Release|Any CPU
		{34FF3140-42E8-4F93-B8B9-DC35E5F3678F}.AppStore|iPhone.ActiveCfg = Release|Any CPU
		{34FF3140-42E8-4F93-B8B9-DC35E5F3678F}.AppStore|iPhone.Build.0 = Release|Any CPU
		{34FF3140-42E8-4F93-B8B9-DC35E5F3678F}.AppStore|iPhone.Deploy.0 = Release|Any CPU
		{34FF3140-42E8-4F93-B8B9-DC35E5F3678F}.AppStore|iPhoneSimulator.ActiveCfg = Release|Any CPU
		{34FF3140-42E8-4F93-B8B9-DC35E5F3678F}.AppStore|iPhoneSimulator.Build.0 = Release|Any CPU
		{34FF3140-42E8-4F93-B8B9-DC35E5F3678F}.AppStore|iPhoneSimulator.Deploy.0 = Release|Any CPU
		{34FF3140-42E8-4F93-B8B9-DC35E5F3678F}.Debug|Any CPU.ActiveCfg = Debug|Any CPU
		{34FF3140-42E8-4F93-B8B9-DC35E5F3678F}.Debug|Any CPU.Build.0 = Debug|Any CPU
		{34FF3140-42E8-4F93-B8B9-DC35E5F3678F}.Debug|Any CPU.Deploy.0 = Debug|Any CPU
		{34FF3140-42E8-4F93-B8B9-DC35E5F3678F}.Debug|iPhone.ActiveCfg = Debug|Any CPU
		{34FF3140-42E8-4F93-B8B9-DC35E5F3678F}.Debug|iPhone.Build.0 = Debug|Any CPU
		{34FF3140-42E8-4F93-B8B9-DC35E5F3678F}.Debug|iPhone.Deploy.0 = Debug|Any CPU
		{34FF3140-42E8-4F93-B8B9-DC35E5F3678F}.Debug|iPhoneSimulator.ActiveCfg = Debug|Any CPU
		{34FF3140-42E8-4F93-B8B9-DC35E5F3678F}.Debug|iPhoneSimulator.Build.0 = Debug|Any CPU
		{34FF3140-42E8-4F93-B8B9-DC35E5F3678F}.Debug|iPhoneSimulator.Deploy.0 = Debug|Any CPU
		{34FF3140-42E8-4F93-B8B9-DC35E5F3678F}.Release|Any CPU.ActiveCfg = Release|Any CPU
		{34FF3140-42E8-4F93-B8B9-DC35E5F3678F}.Release|Any CPU.Build.0 = Release|Any CPU
		{34FF3140-42E8-4F93-B8B9-DC35E5F3678F}.Release|Any CPU.Deploy.0 = Release|Any CPU
		{34FF3140-42E8-4F93-B8B9-DC35E5F3678F}.Release|iPhone.ActiveCfg = Release|Any CPU
		{34FF3140-42E8-4F93-B8B9-DC35E5F3678F}.Release|iPhone.Build.0 = Release|Any CPU
		{34FF3140-42E8-4F93-B8B9-DC35E5F3678F}.Release|iPhone.Deploy.0 = Release|Any CPU
		{34FF3140-42E8-4F93-B8B9-DC35E5F3678F}.Release|iPhoneSimulator.ActiveCfg = Release|Any CPU
		{34FF3140-42E8-4F93-B8B9-DC35E5F3678F}.Release|iPhoneSimulator.Build.0 = Release|Any CPU
		{34FF3140-42E8-4F93-B8B9-DC35E5F3678F}.Release|iPhoneSimulator.Deploy.0 = Release|Any CPU
		{FEC5C870-462B-421B-AB74-16C76CFE5A6B}.Ad-Hoc|Any CPU.ActiveCfg = Ad-Hoc|iPhone
		{FEC5C870-462B-421B-AB74-16C76CFE5A6B}.Ad-Hoc|Any CPU.Build.0 = Ad-Hoc|iPhone
		{FEC5C870-462B-421B-AB74-16C76CFE5A6B}.Ad-Hoc|Any CPU.Deploy.0 = Ad-Hoc|iPhone
		{FEC5C870-462B-421B-AB74-16C76CFE5A6B}.Ad-Hoc|iPhone.ActiveCfg = Ad-Hoc|iPhone
		{FEC5C870-462B-421B-AB74-16C76CFE5A6B}.Ad-Hoc|iPhone.Build.0 = Ad-Hoc|iPhone
		{FEC5C870-462B-421B-AB74-16C76CFE5A6B}.Ad-Hoc|iPhone.Deploy.0 = Ad-Hoc|iPhone
		{FEC5C870-462B-421B-AB74-16C76CFE5A6B}.Ad-Hoc|iPhoneSimulator.ActiveCfg = Ad-Hoc|iPhoneSimulator
		{FEC5C870-462B-421B-AB74-16C76CFE5A6B}.Ad-Hoc|iPhoneSimulator.Build.0 = Ad-Hoc|iPhoneSimulator
		{FEC5C870-462B-421B-AB74-16C76CFE5A6B}.Ad-Hoc|iPhoneSimulator.Deploy.0 = Ad-Hoc|iPhoneSimulator
		{FEC5C870-462B-421B-AB74-16C76CFE5A6B}.AppStore|Any CPU.ActiveCfg = AppStore|iPhone
		{FEC5C870-462B-421B-AB74-16C76CFE5A6B}.AppStore|Any CPU.Build.0 = AppStore|iPhone
		{FEC5C870-462B-421B-AB74-16C76CFE5A6B}.AppStore|Any CPU.Deploy.0 = AppStore|iPhone
		{FEC5C870-462B-421B-AB74-16C76CFE5A6B}.AppStore|iPhone.ActiveCfg = AppStore|iPhone
		{FEC5C870-462B-421B-AB74-16C76CFE5A6B}.AppStore|iPhone.Build.0 = AppStore|iPhone
		{FEC5C870-462B-421B-AB74-16C76CFE5A6B}.AppStore|iPhone.Deploy.0 = AppStore|iPhone
		{FEC5C870-462B-421B-AB74-16C76CFE5A6B}.AppStore|iPhoneSimulator.ActiveCfg = AppStore|iPhoneSimulator
		{FEC5C870-462B-421B-AB74-16C76CFE5A6B}.AppStore|iPhoneSimulator.Build.0 = AppStore|iPhoneSimulator
		{FEC5C870-462B-421B-AB74-16C76CFE5A6B}.AppStore|iPhoneSimulator.Deploy.0 = AppStore|iPhoneSimulator
		{FEC5C870-462B-421B-AB74-16C76CFE5A6B}.Debug|Any CPU.ActiveCfg = Debug|iPhoneSimulator
		{FEC5C870-462B-421B-AB74-16C76CFE5A6B}.Debug|Any CPU.Build.0 = Debug|iPhoneSimulator
		{FEC5C870-462B-421B-AB74-16C76CFE5A6B}.Debug|Any CPU.Deploy.0 = Debug|iPhoneSimulator
		{FEC5C870-462B-421B-AB74-16C76CFE5A6B}.Debug|iPhone.ActiveCfg = Debug|iPhone
		{FEC5C870-462B-421B-AB74-16C76CFE5A6B}.Debug|iPhone.Build.0 = Debug|iPhone
		{FEC5C870-462B-421B-AB74-16C76CFE5A6B}.Debug|iPhone.Deploy.0 = Debug|iPhone
		{FEC5C870-462B-421B-AB74-16C76CFE5A6B}.Debug|iPhoneSimulator.ActiveCfg = Debug|iPhoneSimulator
		{FEC5C870-462B-421B-AB74-16C76CFE5A6B}.Debug|iPhoneSimulator.Build.0 = Debug|iPhoneSimulator
		{FEC5C870-462B-421B-AB74-16C76CFE5A6B}.Debug|iPhoneSimulator.Deploy.0 = Debug|iPhoneSimulator
		{FEC5C870-462B-421B-AB74-16C76CFE5A6B}.Release|Any CPU.ActiveCfg = Release|iPhone
		{FEC5C870-462B-421B-AB74-16C76CFE5A6B}.Release|Any CPU.Build.0 = Release|iPhone
		{FEC5C870-462B-421B-AB74-16C76CFE5A6B}.Release|Any CPU.Deploy.0 = Release|iPhone
		{FEC5C870-462B-421B-AB74-16C76CFE5A6B}.Release|iPhone.ActiveCfg = Release|iPhone
		{FEC5C870-462B-421B-AB74-16C76CFE5A6B}.Release|iPhone.Build.0 = Release|iPhone
		{FEC5C870-462B-421B-AB74-16C76CFE5A6B}.Release|iPhone.Deploy.0 = Release|iPhone
		{FEC5C870-462B-421B-AB74-16C76CFE5A6B}.Release|iPhoneSimulator.ActiveCfg = Release|iPhoneSimulator
		{FEC5C870-462B-421B-AB74-16C76CFE5A6B}.Release|iPhoneSimulator.Build.0 = Release|iPhoneSimulator
		{FEC5C870-462B-421B-AB74-16C76CFE5A6B}.Release|iPhoneSimulator.Deploy.0 = Release|iPhoneSimulator
	EndGlobalSection
	GlobalSection(SolutionProperties) = preSolution
		HideSolutionNode = FALSE
	EndGlobalSection
EndGlobal
